// !$*UTF8*$!
{
	archiveVersion = 1;
	classes = {
	};
	objectVersion = 46;
	objects = {

/* Begin PBXBuildFile section */
		1513EC5B1B5F41520020D4BB /* main.cpp in Sources */ = {isa = PBXBuildFile; fileRef = 1513EC5A1B5F41520020D4BB /* main.cpp */; };
		1513EC651B5F46AA0020D4BB /* vmManager.cpp in Sources */ = {isa = PBXBuildFile; fileRef = 1513EC631B5F46AA0020D4BB /* vmManager.cpp */; };
		1513EC681B60274E0020D4BB /* testDataUtility.cpp in Sources */ = {isa = PBXBuildFile; fileRef = 1513EC661B60274E0020D4BB /* testDataUtility.cpp */; };
		1513EC6B1B6039BC0020D4BB /* readfile.cpp in Sources */ = {isa = PBXBuildFile; fileRef = 1513EC691B6039BC0020D4BB /* readfile.cpp */; };
		15E7E1BC1B61EABC00D6839B /* makefile in Sources */ = {isa = PBXBuildFile; fileRef = 15E7E1BA1B61EABC00D6839B /* makefile */; };
/* End PBXBuildFile section */

/* Begin PBXCopyFilesBuildPhase section */
		1513EC551B5F41520020D4BB /* CopyFiles */ = {
			isa = PBXCopyFilesBuildPhase;
			buildActionMask = 2147483647;
			dstPath = /usr/share/man/man1/;
			dstSubfolderSpec = 0;
			files = (
			);
			runOnlyForDeploymentPostprocessing = 1;
		};
/* End PBXCopyFilesBuildPhase section */

/* Begin PBXFileReference section */
		1513EC571B5F41520020D4BB /* lab3 */ = {isa = PBXFileReference; explicitFileType = "compiled.mach-o.executable"; includeInIndex = 0; path = lab3; sourceTree = BUILT_PRODUCTS_DIR; };
		1513EC5A1B5F41520020D4BB /* main.cpp */ = {isa = PBXFileReference; lastKnownFileType = sourcecode.cpp.cpp; path = main.cpp; sourceTree = "<group>"; };
		1513EC631B5F46AA0020D4BB /* vmManager.cpp */ = {isa = PBXFileReference; fileEncoding = 4; lastKnownFileType = sourcecode.cpp.cpp; path = vmManager.cpp; sourceTree = "<group>"; };
		1513EC641B5F46AA0020D4BB /* vmManager.h */ = {isa = PBXFileReference; fileEncoding = 4; lastKnownFileType = sourcecode.c.h; path = vmManager.h; sourceTree = "<group>"; };
		1513EC661B60274E0020D4BB /* testDataUtility.cpp */ = {isa = PBXFileReference; fileEncoding = 4; lastKnownFileType = sourcecode.cpp.cpp; path = testDataUtility.cpp; sourceTree = "<group>"; };
		1513EC671B60274E0020D4BB /* testDataUtility.h */ = {isa = PBXFileReference; fileEncoding = 4; lastKnownFileType = sourcecode.c.h; path = testDataUtility.h; sourceTree = "<group>"; };
		1513EC691B6039BC0020D4BB /* readfile.cpp */ = {isa = PBXFileReference; fileEncoding = 4; lastKnownFileType = sourcecode.cpp.cpp; path = readfile.cpp; sourceTree = "<group>"; };
		1513EC6A1B6039BC0020D4BB /* readfile.h */ = {isa = PBXFileReference; fileEncoding = 4; lastKnownFileType = sourcecode.c.h; path = readfile.h; sourceTree = "<group>"; };
		15E7E1B91B61EABC00D6839B /* lab3.pdf */ = {isa = PBXFileReference; lastKnownFileType = image.pdf; path = lab3.pdf; sourceTree = "<group>"; };
		15E7E1BA1B61EABC00D6839B /* makefile */ = {isa = PBXFileReference; fileEncoding = 4; lastKnownFileType = sourcecode.make; path = makefile; sourceTree = "<group>"; };
		15E7E1BB1B61EABC00D6839B /* testData.txt */ = {isa = PBXFileReference; fileEncoding = 4; lastKnownFileType = text; path = testData.txt; sourceTree = "<group>"; };
/* End PBXFileReference section */

/* Begin PBXFrameworksBuildPhase section */
		1513EC541B5F41520020D4BB /* Frameworks */ = {
			isa = PBXFrameworksBuildPhase;
			buildActionMask = 2147483647;
			files = (
			);
			runOnlyForDeploymentPostprocessing = 0;
		};
/* End PBXFrameworksBuildPhase section */

/* Begin PBXGroup section */
		1513EC4E1B5F41520020D4BB = {
			isa = PBXGroup;
			children = (
				1513EC591B5F41520020D4BB /* lab3 */,
				1513EC581B5F41520020D4BB /* Products */,
			);
			sourceTree = "<group>";
		};
		1513EC581B5F41520020D4BB /* Products */ = {
			isa = PBXGroup;
			children = (
				1513EC571B5F41520020D4BB /* lab3 */,
			);
			name = Products;
			sourceTree = "<group>";
		};
		1513EC591B5F41520020D4BB /* lab3 */ = {
			isa = PBXGroup;
			children = (
				15E7E1B91B61EABC00D6839B /* lab3.pdf */,
				15E7E1BA1B61EABC00D6839B /* makefile */,
				15E7E1BB1B61EABC00D6839B /* testData.txt */,
				1513EC5A1B5F41520020D4BB /* main.cpp */,
				1513EC691B6039BC0020D4BB /* readfile.cpp */,
				1513EC6A1B6039BC0020D4BB /* readfile.h */,
				1513EC631B5F46AA0020D4BB /* vmManager.cpp */,
				1513EC641B5F46AA0020D4BB /* vmManager.h */,
				1513EC661B60274E0020D4BB /* testDataUtility.cpp */,
				1513EC671B60274E0020D4BB /* testDataUtility.h */,
			);
			path = lab3;
			sourceTree = "<group>";
		};
/* End PBXGroup section */

/* Begin PBXNativeTarget section */
		1513EC561B5F41520020D4BB /* lab3 */ = {
			isa = PBXNativeTarget;
			buildConfigurationList = 1513EC5E1B5F41520020D4BB /* Build configuration list for PBXNativeTarget "lab3" */;
			buildPhases = (
				1513EC531B5F41520020D4BB /* Sources */,
				1513EC541B5F41520020D4BB /* Frameworks */,
				1513EC551B5F41520020D4BB /* CopyFiles */,
			);
			buildRules = (
			);
			dependencies = (
			);
			name = lab3;
			productName = lab3;
			productReference = 1513EC571B5F41520020D4BB /* lab3 */;
			productType = "com.apple.product-type.tool";
		};
/* End PBXNativeTarget section */

/* Begin PBXProject section */
		1513EC4F1B5F41520020D4BB /* Project object */ = {
			isa = PBXProject;
			attributes = {
				LastUpgradeCheck = 0640;
				ORGANIZATIONNAME = "Rob Fitzgerald";
				TargetAttributes = {
					1513EC561B5F41520020D4BB = {
						CreatedOnToolsVersion = 6.4;
					};
				};
			};
			buildConfigurationList = 1513EC521B5F41520020D4BB /* Build configuration list for PBXProject "lab3" */;
			compatibilityVersion = "Xcode 3.2";
			developmentRegion = English;
			hasScannedForEncodings = 0;
			knownRegions = (
				en,
			);
			mainGroup = 1513EC4E1B5F41520020D4BB;
			productRefGroup = 1513EC581B5F41520020D4BB /* Products */;
			projectDirPath = "";
			projectRoot = "";
			targets = (
				1513EC561B5F41520020D4BB /* lab3 */,
			);
		};
/* End PBXProject section */

/* Begin PBXSourcesBuildPhase section */
		1513EC531B5F41520020D4BB /* Sources */ = {
			isa = PBXSourcesBuildPhase;
			buildActionMask = 2147483647;
			files = (
				1513EC651B5F46AA0020D4BB /* vmManager.cpp in Sources */,
				1513EC6B1B6039BC0020D4BB /* readfile.cpp in Sources */,
				1513EC681B60274E0020D4BB /* testDataUtility.cpp in Sources */,
				1513EC5B1B5F41520020D4BB /* main.cpp in Sources */,
				15E7E1BC1B61EABC00D6839B /* makefile in Sources */,
			);
			runOnlyForDeploymentPostprocessing = 0;
		};
/* End PBXSourcesBuildPhase section */

/* Begin XCBuildConfiguration section */
		1513EC5C1B5F41520020D4BB /* Debug */ = {
			isa = XCBuildConfiguration;
			buildSettings = {
				ALWAYS_SEARCH_USER_PATHS = NO;
				CLANG_CXX_LANGUAGE_STANDARD = "gnu++0x";
				CLANG_CXX_LIBRARY = "libc++";
				CLANG_ENABLE_MODULES = YES;
				CLANG_ENABLE_OBJC_ARC = YES;
				CLANG_WARN_BOOL_CONVERSION = YES;
				CLANG_WARN_CONSTANT_CONVERSION = YES;
				CLANG_WARN_DIRECT_OBJC_ISA_USAGE = YES_ERROR;
				CLANG_WARN_EMPTY_BODY = YES;
				CLANG_WARN_ENUM_CONVERSION = YES;
				CLANG_WARN_INT_CONVERSION = YES;
				CLANG_WARN_OBJC_ROOT_CLASS = YES_ERROR;
				CLANG_WARN_UNREACHABLE_CODE = YES;
				CLANG_WARN__DUPLICATE_METHOD_MATCH = YES;
				COPY_PHASE_STRIP = NO;
				DEBUG_INFORMATION_FORMAT = dwarf;
				ENABLE_STRICT_OBJC_MSGSEND = YES;
				GCC_C_LANGUAGE_STANDARD = gnu99;
				GCC_DYNAMIC_NO_PIC = NO;
				GCC_NO_COMMON_BLOCKS = YES;
				GCC_OPTIMIZATION_LEVEL = 0;
				GCC_PREPROCESSOR_DEFINITIONS = (
					"DEBUG=1",
					"$(inherited)",
				);
				GCC_SYMBOLS_PRIVATE_EXTERN = NO;
				GCC_WARN_64_TO_32_BIT_CONVERSION = YES;
				GCC_WARN_ABOUT_RETURN_TYPE = YES_ERROR;
				GCC_WARN_UNDECLARED_SELECTOR = YES;
				GCC_WARN_UNINITIALIZED_AUTOS = YES_AGGRESSIVE;
				GCC_WARN_UNUSED_FUNCTION = YES;
				GCC_WARN_UNUSED_VARIABLE = YES;
				MACOSX_DEPLOYMENT_TARGET = 10.10;
				MTL_ENABLE_DEBUG_INFO = YES;
				ONLY_ACTIVE_ARCH = YES;
				SDKROOT = macosx;
			};
			name = Debug;
		};
		1513EC5D1B5F41520020D4BB /* Release */ = {
			isa = XCBuildConfiguration;
			buildSettings = {
				ALWAYS_SEARCH_USER_PATHS = NO;
				CLANG_CXX_LANGUAGE_STANDARD = "gnu++0x";
				CLANG_CXX_LIBRARY = "libc++";
				CLANG_ENABLE_MODULES = YES;
				CLANG_ENABLE_OBJC_ARC = YES;
				CLANG_WARN_BOOL_CONVERSION = YES;
				CLANG_WARN_CONSTANT_CONVERSION = YES;
				CLANG_WARN_DIRECT_OBJC_ISA_USAGE = YES_ERROR;
				CLANG_WARN_EMPTY_BODY = YES;
				CLANG_WARN_ENUM_CONVERSION = YES;
				CLANG_WARN_INT_CONVERSION = YES;
				CLANG_WARN_OBJC_ROOT_CLASS = YES_ERROR;
				CLANG_WARN_UNREACHABLE_CODE = YES;
				CLANG_WARN__DUPLICATE_METHOD_MATCH = YES;
				COPY_PHASE_STRIP = NO;
				DEBUG_INFORMATION_FORMAT = "dwarf-with-dsym";
				ENABLE_NS_ASSERTIONS = NO;
				ENABLE_STRICT_OBJC_MSGSEND = YES;
				GCC_C_LANGUAGE_STANDARD = gnu99;
				GCC_NO_COMMON_BLOCKS = YES;
				GCC_WARN_64_TO_32_BIT_CONVERSION = YES;
				GCC_WARN_ABOUT_RETURN_TYPE = YES_ERROR;
				GCC_WARN_UNDECLARED_SELECTOR = YES;
				GCC_WARN_UNINITIALIZED_AUTOS = YES_AGGRESSIVE;
				GCC_WARN_UNUSED_FUNCTION = YES;
				GCC_WARN_UNUSED_VARIABLE = YES;
				MACOSX_DEPLOYMENT_TARGET = 10.10;
				MTL_ENABLE_DEBUG_INFO = NO;
				SDKROOT = macosx;
			};
			name = Release;
		};
		1513EC5F1B5F41520020D4BB /* Debug */ = {
			isa = XCBuildConfiguration;
			buildSettings = {
				PRODUCT_NAME = "$(TARGET_NAME)";
			};
			name = Debug;
		};
		1513EC601B5F41520020D4BB /* Release */ = {
			isa = XCBuildConfiguration;
			buildSettings = {
				PRODUCT_NAME = "$(TARGET_NAME)";
			};
			name = Release;
		};
/* End XCBuildConfiguration section */

/* Begin XCConfigurationList section */
		1513EC521B5F41520020D4BB /* Build configuration list for PBXProject "lab3" */ = {
			isa = XCConfigurationList;
			buildConfigurations = (
				1513EC5C1B5F41520020D4BB /* Debug */,
				1513EC5D1B5F41520020D4BB /* Release */,
			);
			defaultConfigurationIsVisible = 0;
			defaultConfigurationName = Release;
		};
		1513EC5E1B5F41520020D4BB /* Build configuration list for PBXNativeTarget "lab3" */ = {
			isa = XCConfigurationList;
			buildConfigurations = (
				1513EC5F1B5F41520020D4BB /* Debug */,
				1513EC601B5F41520020D4BB /* Release */,
			);
			defaultConfigurationIsVisible = 0;
			defaultConfigurationName = Release;
		};
/* End XCConfigurationList section */
	};
	rootObject = 1513EC4F1B5F41520020D4BB /* Project object */;
}
